
Microsoft Visual Studio Solution File, Format Version 12.00
# Visual Studio 2013
VisualStudioVersion = 12.0.31101.0
MinimumVisualStudioVersion = 10.0.40219.1
Project("{FAE04EC0-301F-11D3-BF4B-00C04F79EFBC}") = "JSTZNet", "JSTZNet\JSTZNet.csproj", "{E3DE7173-06B2-43C6-BCFD-A506502D0A4D}"
EndProject
Project("{2150E333-8FDC-42A3-9474-1A3956D46DE8}") = "Web", "Web", "{166E1751-849E-42E1-959F-C9D58DA2A14D}"
	ProjectSection(SolutionItems) = preProject
		Web\index.html = Web\index.html
	EndProjectSection
EndProject
Project("{2150E333-8FDC-42A3-9474-1A3956D46DE8}") = "Scripts", "Scripts", "{C02A598B-6856-41BC-9271-58DEFADFE788}"
	ProjectSection(SolutionItems) = preProject
		Web\Scripts\JSTZNet.js = Web\Scripts\JSTZNet.js
		Web\Scripts\JSTZNetData.js = Web\Scripts\JSTZNetData.js
	EndProjectSection
EndProject
Project("{FAE04EC0-301F-11D3-BF4B-00C04F79EFBC}") = "JSTZNet_Test", "JSTZNet_Test\JSTZNet_Test.csproj", "{CE348C77-9AB9-4597-83BA-9935CB4DBC1C}"
EndProject
Global
	GlobalSection(SolutionConfigurationPlatforms) = preSolution
		Debug|Any CPU = Debug|Any CPU
		Release|Any CPU = Release|Any CPU
	EndGlobalSection
	GlobalSection(ProjectConfigurationPlatforms) = postSolution
		{E3DE7173-06B2-43C6-BCFD-A506502D0A4D}.Debug|Any CPU.ActiveCfg = Debug|Any CPU
		{E3DE7173-06B2-43C6-BCFD-A506502D0A4D}.Debug|Any CPU.Build.0 = Debug|Any CPU
		{E3DE7173-06B2-43C6-BCFD-A506502D0A4D}.Release|Any CPU.ActiveCfg = Release|Any CPU
		{E3DE7173-06B2-43C6-BCFD-A506502D0A4D}.Release|Any CPU.Build.0 = Release|Any CPU
		{CE348C77-9AB9-4597-83BA-9935CB4DBC1C}.Debug|Any CPU.ActiveCfg = Debug|Any CPU
		{CE348C77-9AB9-4597-83BA-9935CB4DBC1C}.Debug|Any CPU.Build.0 = Debug|Any CPU
		{CE348C77-9AB9-4597-83BA-9935CB4DBC1C}.Release|Any CPU.ActiveCfg = Release|Any CPU
		{CE348C77-9AB9-4597-83BA-9935CB4DBC1C}.Release|Any CPU.Build.0 = Release|Any CPU
	EndGlobalSection
	GlobalSection(SolutionProperties) = preSolution
		HideSolutionNode = FALSE
	EndGlobalSection
	GlobalSection(NestedProjects) = preSolution
		{C02A598B-6856-41BC-9271-58DEFADFE788} = {166E1751-849E-42E1-959F-C9D58DA2A14D}
	EndGlobalSection
EndGlobal
